
Microsoft Visual Studio Solution File, Format Version 12.00
# Visual Studio Version 17
VisualStudioVersion = 17.3.32929.385
MinimumVisualStudioVersion = 10.0.40219.1
Project("{FAE04EC0-301F-11D3-BF4B-00C04F79EFBC}") = "Task12_ScreenShot", "Task12_ScreenShot\Task12_ScreenShot.csproj", "{39926124-C5E1-4FB7-BDDF-040250EE62D3}"
EndProject
Global
	GlobalSection(SolutionConfigurationPlatforms) = preSolution
		Debug|Any CPU = Debug|Any CPU
		Release|Any CPU = Release|Any CPU
	EndGlobalSection
	GlobalSection(ProjectConfigurationPlatforms) = postSolution
		{39926124-C5E1-4FB7-BDDF-040250EE62D3}.Debug|Any CPU.ActiveCfg = Debug|Any CPU
		{39926124-C5E1-4FB7-BDDF-040250EE62D3}.Debug|Any CPU.Build.0 = Debug|Any CPU
		{39926124-C5E1-4FB7-BDDF-040250EE62D3}.Release|Any CPU.ActiveCfg = Release|Any CPU
		{39926124-C5E1-4FB7-BDDF-040250EE62D3}.Release|Any CPU.Build.0 = Release|Any CPU
	EndGlobalSection
	GlobalSection(SolutionProperties) = preSolution
		HideSolutionNode = FALSE
	EndGlobalSection
	GlobalSection(ExtensibilityGlobals) = postSolution
		SolutionGuid = {C26D0DF2-6B1B-46C6-B63D-8C99A3425B00}
	EndGlobalSection
EndGlobal
